PODS:
  - MBProgressHUD (1.2.0)
  - ZWToolKit/ZWProgressHUD (0.1.1):
    - MBProgressHUD

DEPENDENCIES:
  - ZWToolKit/ZWProgressHUD (from `../`)

SPEC REPOS:
  https://mirrors.tuna.tsinghua.edu.cn/git/CocoaPods/Specs.git:
    - MBProgressHUD

EXTERNAL SOURCES:
  ZWToolKit:
    :path: "../"

SPEC CHECKSUMS:
  MBProgressHUD: 3ee5efcc380f6a79a7cc9b363dd669c5e1ae7406
  ZWToolKit: cf289c5e363c2262906661875659522c1dfe75ce

PODFILE CHECKSUM: 6cb997e6ee7266a278725599344c9c721c3badb4

COCOAPODS: 1.11.3
