PODS:
  - MBProgressHUD (1.2.0)
  - ZWToolKit/ZWProgressHUD (0.1.0):
    - MBProgressHUD

DEPENDENCIES:
  - ZWToolKit/ZWProgressHUD (from `../`)

SPEC REPOS:
  https://mirrors.tuna.tsinghua.edu.cn/git/CocoaPods/Specs.git:
    - MBProgressHUD

EXTERNAL SOURCES:
  ZWToolKit:
    :path: "../"

SPEC CHECKSUMS:
  MBProgressHUD: 3ee5efcc380f6a79a7cc9b363dd669c5e1ae7406
  ZWToolKit: 91f952cde7c8b024eec4ad5830de8757627aa17c

PODFILE CHECKSUM: 6cb997e6ee7266a278725599344c9c721c3badb4

COCOAPODS: 1.11.3
